// !$*UTF8*$!
{
	archiveVersion = 1;
	classes = {
	};
	objectVersion = 55;
	objects = {

/* Begin PBXBuildFile section */
		E00D3B1A28B897D8001D4EF2 /* OffersSB.storyboard in Resources */ = {isa = PBXBuildFile; fileRef = E00D3B1928B897D8001D4EF2 /* OffersSB.storyboard */; };
		E00D3B2028B89924001D4EF2 /* MenuSB.storyboard in Resources */ = {isa = PBXBuildFile; fileRef = E00D3B1F28B89924001D4EF2 /* MenuSB.storyboard */; };
		E00D3B2228B89ABF001D4EF2 /* SettingsChangeNumVC.swift in Sources */ = {isa = PBXBuildFile; fileRef = E00D3B2128B89ABF001D4EF2 /* SettingsChangeNumVC.swift */; };
		E0230D0028A5C69E00789EB5 /* SettingsVC.swift in Sources */ = {isa = PBXBuildFile; fileRef = E0230CFF28A5C69E00789EB5 /* SettingsVC.swift */; };
		E024F7E4289A813800FCFED8 /* MainVC.swift in Sources */ = {isa = PBXBuildFile; fileRef = E024F7E3289A813800FCFED8 /* MainVC.swift */; };
		E02E4877289A73DB0003B4FD /* LogOnVC.swift in Sources */ = {isa = PBXBuildFile; fileRef = E02E4876289A73DB0003B4FD /* LogOnVC.swift */; };
		E02E487A289A74300003B4FD /* LogonSB.storyboard in Resources */ = {isa = PBXBuildFile; fileRef = E02E4879289A74300003B4FD /* LogonSB.storyboard */; };
		E02E487C289A744B0003B4FD /* LoginSB.storyboard in Resources */ = {isa = PBXBuildFile; fileRef = E02E487B289A744B0003B4FD /* LoginSB.storyboard */; };
		E02E487F289A75A50003B4FD /* ForgotPasswordVC.swift in Sources */ = {isa = PBXBuildFile; fileRef = E02E487E289A75A50003B4FD /* ForgotPasswordVC.swift */; };
		E02E4881289A762B0003B4FD /* ForgotPasswordSB.storyboard in Resources */ = {isa = PBXBuildFile; fileRef = E02E4880289A762B0003B4FD /* ForgotPasswordSB.storyboard */; };
		E02E4885289A77560003B4FD /* TabBarVC.swift in Sources */ = {isa = PBXBuildFile; fileRef = E02E4884289A77560003B4FD /* TabBarVC.swift */; };
		E02E4887289A777B0003B4FD /* TabBarSB.storyboard in Resources */ = {isa = PBXBuildFile; fileRef = E02E4886289A777B0003B4FD /* TabBarSB.storyboard */; };
		E03EBFA4289BD129001650F8 /* GoogleService-Info.plist in Resources */ = {isa = PBXBuildFile; fileRef = E03EBFA3289BD129001650F8 /* GoogleService-Info.plist */; };
		E063F214288955D6004EA8A5 /* OffersVC.swift in Sources */ = {isa = PBXBuildFile; fileRef = E063F213288955D6004EA8A5 /* OffersVC.swift */; };
		E063F21628895606004EA8A5 /* MenuVC.swift in Sources */ = {isa = PBXBuildFile; fileRef = E063F21528895606004EA8A5 /* MenuVC.swift */; };
		E063F21828898507004EA8A5 /* TableViewCell.swift in Sources */ = {isa = PBXBuildFile; fileRef = E063F21728898507004EA8A5 /* TableViewCell.swift */; };
		E06FBBFD2893228A00FA9A5F /* LogInVC.swift in Sources */ = {isa = PBXBuildFile; fileRef = E06FBBFC2893228A00FA9A5F /* LogInVC.swift */; };
		E07BAFD5289ED7EF00EB737D /* BorderedView.swift in Sources */ = {isa = PBXBuildFile; fileRef = E07BAFD4289ED7EF00EB737D /* BorderedView.swift */; };
		E07BAFD8289EDB6200EB737D /* AppButton.swift in Sources */ = {isa = PBXBuildFile; fileRef = E07BAFD7289EDB6200EB737D /* AppButton.swift */; };
		E093EFA028A033B3009E4D11 /* Utilities.swift in Sources */ = {isa = PBXBuildFile; fileRef = E093EF9F28A033B3009E4D11 /* Utilities.swift */; };
		E093EFC428A3DAFB009E4D11 /* Constants.swift in Sources */ = {isa = PBXBuildFile; fileRef = E093EFC328A3DAFB009E4D11 /* Constants.swift */; };
		E0A66BBA28AF05E400C64E16 /* Pods_healthFood.framework in Frameworks */ = {isa = PBXBuildFile; fileRef = 801CADAA4C0680393869F6FA /* Pods_healthFood.framework */; };
		E0F1957028BD9C620044F663 /* food-vlogger.json in Resources */ = {isa = PBXBuildFile; fileRef = E0F1956F28BD9C620044F663 /* food-vlogger.json */; };
		E0F1957228BDA9420044F663 /* LaunchMainVC.swift in Sources */ = {isa = PBXBuildFile; fileRef = E0F1957128BDA9420044F663 /* LaunchMainVC.swift */; };
		E0F1957428BDAC610044F663 /* coconut.json in Resources */ = {isa = PBXBuildFile; fileRef = E0F1957328BDAC610044F663 /* coconut.json */; };
		E0F1957F28C6A2A00044F663 /* Extensions.swift in Sources */ = {isa = PBXBuildFile; fileRef = E0F1957E28C6A2A00044F663 /* Extensions.swift */; };
		E0F1958028C6A3150044F663 /* SettingsSB.storyboard in Resources */ = {isa = PBXBuildFile; fileRef = E0F1958228C6A3150044F663 /* SettingsSB.storyboard */; };
		E0F3062D2889423C0029E3B8 /* AppDelegate.swift in Sources */ = {isa = PBXBuildFile; fileRef = E0F3062C2889423C0029E3B8 /* AppDelegate.swift */; };
		E0F306342889423C0029E3B8 /* Main.storyboard in Resources */ = {isa = PBXBuildFile; fileRef = E0F306322889423C0029E3B8 /* Main.storyboard */; };
		E0F306362889423F0029E3B8 /* Assets.xcassets in Resources */ = {isa = PBXBuildFile; fileRef = E0F306352889423F0029E3B8 /* Assets.xcassets */; };
		E0F306392889423F0029E3B8 /* LaunchScreen.storyboard in Resources */ = {isa = PBXBuildFile; fileRef = E0F306372889423F0029E3B8 /* LaunchScreen.storyboard */; };
		E0F56A7A28B50F98000AEFCA /* SettingsAccVC.swift in Sources */ = {isa = PBXBuildFile; fileRef = E0F56A7928B50F98000AEFCA /* SettingsAccVC.swift */; };
		E0F7E9E828B658A800E989F5 /* CartVC.swift in Sources */ = {isa = PBXBuildFile; fileRef = E0F7E9E728B658A800E989F5 /* CartVC.swift */; };
		E0FEDD9528C6A77100883B21 /* Localizable.strings in Resources */ = {isa = PBXBuildFile; fileRef = E0F1959128C6A5670044F663 /* Localizable.strings */; };
/* End PBXBuildFile section */

/* Begin PBXFileReference section */
		801CADAA4C0680393869F6FA /* Pods_healthFood.framework */ = {isa = PBXFileReference; explicitFileType = wrapper.framework; includeInIndex = 0; path = Pods_healthFood.framework; sourceTree = BUILT_PRODUCTS_DIR; };
		A3C5E80270A23D577B6D6DEE /* Pods-healthFood.debug.xcconfig */ = {isa = PBXFileReference; includeInIndex = 1; lastKnownFileType = text.xcconfig; name = "Pods-healthFood.debug.xcconfig"; path = "Target Support Files/Pods-healthFood/Pods-healthFood.debug.xcconfig"; sourceTree = "<group>"; };
		CC2C6D29D1BA72F5FFCE7BF5 /* Pods-healthFood.release.xcconfig */ = {isa = PBXFileReference; includeInIndex = 1; lastKnownFileType = text.xcconfig; name = "Pods-healthFood.release.xcconfig"; path = "Target Support Files/Pods-healthFood/Pods-healthFood.release.xcconfig"; sourceTree = "<group>"; };
		E00D3B1928B897D8001D4EF2 /* OffersSB.storyboard */ = {isa = PBXFileReference; lastKnownFileType = file.storyboard; path = OffersSB.storyboard; sourceTree = "<group>"; };
		E00D3B1F28B89924001D4EF2 /* MenuSB.storyboard */ = {isa = PBXFileReference; lastKnownFileType = file.storyboard; path = MenuSB.storyboard; sourceTree = "<group>"; };
		E00D3B2128B89ABF001D4EF2 /* SettingsChangeNumVC.swift */ = {isa = PBXFileReference; lastKnownFileType = sourcecode.swift; path = SettingsChangeNumVC.swift; sourceTree = "<group>"; };
		E0230CFF28A5C69E00789EB5 /* SettingsVC.swift */ = {isa = PBXFileReference; lastKnownFileType = sourcecode.swift; path = SettingsVC.swift; sourceTree = "<group>"; };
		E024F7E3289A813800FCFED8 /* MainVC.swift */ = {isa = PBXFileReference; lastKnownFileType = sourcecode.swift; path = MainVC.swift; sourceTree = "<group>"; };
		E02E4876289A73DB0003B4FD /* LogOnVC.swift */ = {isa = PBXFileReference; lastKnownFileType = sourcecode.swift; path = LogOnVC.swift; sourceTree = "<group>"; };
		E02E4879289A74300003B4FD /* LogonSB.storyboard */ = {isa = PBXFileReference; lastKnownFileType = file.storyboard; path = LogonSB.storyboard; sourceTree = "<group>"; };
		E02E487B289A744B0003B4FD /* LoginSB.storyboard */ = {isa = PBXFileReference; lastKnownFileType = file.storyboard; path = LoginSB.storyboard; sourceTree = "<group>"; };
		E02E487E289A75A50003B4FD /* ForgotPasswordVC.swift */ = {isa = PBXFileReference; lastKnownFileType = sourcecode.swift; path = ForgotPasswordVC.swift; sourceTree = "<group>"; };
		E02E4880289A762B0003B4FD /* ForgotPasswordSB.storyboard */ = {isa = PBXFileReference; lastKnownFileType = file.storyboard; path = ForgotPasswordSB.storyboard; sourceTree = "<group>"; };
		E02E4884289A77560003B4FD /* TabBarVC.swift */ = {isa = PBXFileReference; lastKnownFileType = sourcecode.swift; path = TabBarVC.swift; sourceTree = "<group>"; };
		E02E4886289A777B0003B4FD /* TabBarSB.storyboard */ = {isa = PBXFileReference; lastKnownFileType = file.storyboard; path = TabBarSB.storyboard; sourceTree = "<group>"; };
		E03EBFA3289BD129001650F8 /* GoogleService-Info.plist */ = {isa = PBXFileReference; fileEncoding = 4; lastKnownFileType = text.plist.xml; path = "GoogleService-Info.plist"; sourceTree = "<group>"; };
		E063F213288955D6004EA8A5 /* OffersVC.swift */ = {isa = PBXFileReference; lastKnownFileType = sourcecode.swift; path = OffersVC.swift; sourceTree = "<group>"; };
		E063F21528895606004EA8A5 /* MenuVC.swift */ = {isa = PBXFileReference; lastKnownFileType = sourcecode.swift; path = MenuVC.swift; sourceTree = "<group>"; };
		E063F21728898507004EA8A5 /* TableViewCell.swift */ = {isa = PBXFileReference; lastKnownFileType = sourcecode.swift; path = TableViewCell.swift; sourceTree = "<group>"; };
		E06FBBFC2893228A00FA9A5F /* LogInVC.swift */ = {isa = PBXFileReference; lastKnownFileType = sourcecode.swift; path = LogInVC.swift; sourceTree = "<group>"; };
		E079946928B83F6000995612 /* healthFood copy-Info.plist */ = {isa = PBXFileReference; lastKnownFileType = text.plist.xml; name = "healthFood copy-Info.plist"; path = "/Users/khaledaweidah/Desktop/healthFood/healthFood copy-Info.plist"; sourceTree = "<absolute>"; };
		E07BAFD4289ED7EF00EB737D /* BorderedView.swift */ = {isa = PBXFileReference; lastKnownFileType = sourcecode.swift; path = BorderedView.swift; sourceTree = "<group>"; };
		E07BAFD7289EDB6200EB737D /* AppButton.swift */ = {isa = PBXFileReference; lastKnownFileType = sourcecode.swift; path = AppButton.swift; sourceTree = "<group>"; };
		E093EF9F28A033B3009E4D11 /* Utilities.swift */ = {isa = PBXFileReference; lastKnownFileType = sourcecode.swift; path = Utilities.swift; sourceTree = "<group>"; };
		E093EFC328A3DAFB009E4D11 /* Constants.swift */ = {isa = PBXFileReference; lastKnownFileType = sourcecode.swift; path = Constants.swift; sourceTree = "<group>"; };
		E0F1956F28BD9C620044F663 /* food-vlogger.json */ = {isa = PBXFileReference; fileEncoding = 4; lastKnownFileType = text.json; path = "food-vlogger.json"; sourceTree = "<group>"; };
		E0F1957128BDA9420044F663 /* LaunchMainVC.swift */ = {isa = PBXFileReference; lastKnownFileType = sourcecode.swift; path = LaunchMainVC.swift; sourceTree = "<group>"; };
		E0F1957328BDAC610044F663 /* coconut.json */ = {isa = PBXFileReference; fileEncoding = 4; lastKnownFileType = text.json; path = coconut.json; sourceTree = "<group>"; };
		E0F1957C28C6A2600044F663 /* ar */ = {isa = PBXFileReference; lastKnownFileType = text.plist.strings; name = ar; path = ar.lproj/Main.strings; sourceTree = "<group>"; };
		E0F1957D28C6A2600044F663 /* ar */ = {isa = PBXFileReference; lastKnownFileType = text.plist.strings; name = ar; path = ar.lproj/LaunchScreen.strings; sourceTree = "<group>"; };
		E0F1957E28C6A2A00044F663 /* Extensions.swift */ = {isa = PBXFileReference; lastKnownFileType = sourcecode.swift; path = Extensions.swift; sourceTree = "<group>"; };
		E0F1958128C6A3150044F663 /* Base */ = {isa = PBXFileReference; lastKnownFileType = file.storyboard; name = Base; path = Base.lproj/SettingsSB.storyboard; sourceTree = "<group>"; };
		E0F1958428C6A3190044F663 /* en */ = {isa = PBXFileReference; lastKnownFileType = text.plist.strings; name = en; path = en.lproj/SettingsSB.strings; sourceTree = "<group>"; };
		E0F1958628C6A34D0044F663 /* ar */ = {isa = PBXFileReference; lastKnownFileType = text.plist.strings; name = ar; path = ar.lproj/SettingsSB.strings; sourceTree = "<group>"; };
		E0F1959028C6A5670044F663 /* en */ = {isa = PBXFileReference; lastKnownFileType = text.plist.strings; name = en; path = en.lproj/Localizable.strings; sourceTree = "<group>"; };
		E0F1959228C6A5690044F663 /* ar */ = {isa = PBXFileReference; lastKnownFileType = text.plist.strings; name = ar; path = ar.lproj/Localizable.strings; sourceTree = "<group>"; };
		E0F306292889423C0029E3B8 /* healthFoodHTU.app */ = {isa = PBXFileReference; explicitFileType = wrapper.application; includeInIndex = 0; path = healthFoodHTU.app; sourceTree = BUILT_PRODUCTS_DIR; };
		E0F3062C2889423C0029E3B8 /* AppDelegate.swift */ = {isa = PBXFileReference; lastKnownFileType = sourcecode.swift; path = AppDelegate.swift; sourceTree = "<group>"; };
		E0F306332889423C0029E3B8 /* Base */ = {isa = PBXFileReference; lastKnownFileType = file.storyboard; name = Base; path = Base.lproj/Main.storyboard; sourceTree = "<group>"; };
		E0F306352889423F0029E3B8 /* Assets.xcassets */ = {isa = PBXFileReference; lastKnownFileType = folder.assetcatalog; path = Assets.xcassets; sourceTree = "<group>"; };
		E0F306382889423F0029E3B8 /* Base */ = {isa = PBXFileReference; lastKnownFileType = file.storyboard; name = Base; path = Base.lproj/LaunchScreen.storyboard; sourceTree = "<group>"; };
		E0F3063A2889423F0029E3B8 /* Info.plist */ = {isa = PBXFileReference; lastKnownFileType = text.plist.xml; path = Info.plist; sourceTree = "<group>"; };
		E0F56A7928B50F98000AEFCA /* SettingsAccVC.swift */ = {isa = PBXFileReference; lastKnownFileType = sourcecode.swift; path = SettingsAccVC.swift; sourceTree = "<group>"; };
		E0F7E9E728B658A800E989F5 /* CartVC.swift */ = {isa = PBXFileReference; lastKnownFileType = sourcecode.swift; path = CartVC.swift; sourceTree = "<group>"; };
/* End PBXFileReference section */

/* Begin PBXFrameworksBuildPhase section */
		E0F306262889423C0029E3B8 /* Frameworks */ = {
			isa = PBXFrameworksBuildPhase;
			buildActionMask = 2147483647;
			files = (
				E0A66BBA28AF05E400C64E16 /* Pods_healthFood.framework in Frameworks */,
			);
			runOnlyForDeploymentPostprocessing = 0;
		};
/* End PBXFrameworksBuildPhase section */

/* Begin PBXGroup section */
		021F9C5AB06D2899FCA259C4 /* Frameworks */ = {
			isa = PBXGroup;
			children = (
				801CADAA4C0680393869F6FA /* Pods_healthFood.framework */,
			);
			name = Frameworks;
			sourceTree = "<group>";
		};
		C4269F32637A09A242D5EAAE /* Pods */ = {
			isa = PBXGroup;
			children = (
				A3C5E80270A23D577B6D6DEE /* Pods-healthFood.debug.xcconfig */,
				CC2C6D29D1BA72F5FFCE7BF5 /* Pods-healthFood.release.xcconfig */,
			);
			path = Pods;
			sourceTree = "<group>";
		};
		E00D3B1628B896FF001D4EF2 /* storyboard */ = {
			isa = PBXGroup;
			children = (
				E00D3B1928B897D8001D4EF2 /* OffersSB.storyboard */,
			);
			name = storyboard;
			sourceTree = "<group>";
		};
		E00D3B1E28B898BB001D4EF2 /* storyboard */ = {
			isa = PBXGroup;
			children = (
				E00D3B1F28B89924001D4EF2 /* MenuSB.storyboard */,
			);
			name = storyboard;
			path = ..;
			sourceTree = "<group>";
		};
		E025C03428A98A69001B7D4B /* tabbar Items */ = {
			isa = PBXGroup;
			children = (
				E08F36CC28BAA39800AD906C /* tableViewCell */,
				E0F7E9E628B6586F00E989F5 /* CartTab */,
				E0F56A7828B50F14000AEFCA /* OffersTab */,
				E0F56A7728B50F10000AEFCA /* MenuTab */,
				E0F56A7628B50F0C000AEFCA /* SettingsTab */,
			);
			name = "tabbar Items";
			path = tabbar;
			sourceTree = "<group>";
		};
		E025C03528A98C63001B7D4B /* storyboard */ = {
			isa = PBXGroup;
			children = (
				E0F1958228C6A3150044F663 /* SettingsSB.storyboard */,
			);
			name = storyboard;
			path = ..;
			sourceTree = "<group>";
		};
		E02E4874289A71D20003B4FD /* logOn */ = {
			isa = PBXGroup;
			children = (
				E02E4876289A73DB0003B4FD /* LogOnVC.swift */,
				E02E4878289A73E50003B4FD /* storyboard */,
			);
			path = logOn;
			sourceTree = "<group>";
		};
		E02E4875289A726C0003B4FD /* forgotpassword */ = {
			isa = PBXGroup;
			children = (
				E02E487E289A75A50003B4FD /* ForgotPasswordVC.swift */,
				E02E487D289A75840003B4FD /* storyboard */,
			);
			path = forgotpassword;
			sourceTree = "<group>";
		};
		E02E4878289A73E50003B4FD /* storyboard */ = {
			isa = PBXGroup;
			children = (
				E02E4879289A74300003B4FD /* LogonSB.storyboard */,
			);
			name = storyboard;
			sourceTree = "<group>";
		};
		E02E487D289A75840003B4FD /* storyboard */ = {
			isa = PBXGroup;
			children = (
				E02E4880289A762B0003B4FD /* ForgotPasswordSB.storyboard */,
			);
			name = storyboard;
			sourceTree = "<group>";
		};
		E02E4882289A77210003B4FD /* tabbar */ = {
			isa = PBXGroup;
			children = (
				E02E4884289A77560003B4FD /* TabBarVC.swift */,
				E02E4883289A77450003B4FD /* storyboard */,
			);
			path = tabbar;
			sourceTree = "<group>";
		};
		E02E4883289A77450003B4FD /* storyboard */ = {
			isa = PBXGroup;
			children = (
				E02E4886289A777B0003B4FD /* TabBarSB.storyboard */,
			);
			path = storyboard;
			sourceTree = "<group>";
		};
		E0454C8928BCC1AE0094D1AE /* animations */ = {
			isa = PBXGroup;
			children = (
				E0F1956F28BD9C620044F663 /* food-vlogger.json */,
				E0F1957328BDAC610044F663 /* coconut.json */,
			);
			name = animations;
			sourceTree = "<group>";
		};
		E06FBBF72893210000FA9A5F /* storyboard */ = {
			isa = PBXGroup;
			children = (
				E02E487B289A744B0003B4FD /* LoginSB.storyboard */,
			);
			path = storyboard;
			sourceTree = "<group>";
		};
		E06FBBF82893215A00FA9A5F /* authentication */ = {
			isa = PBXGroup;
			children = (
				E06FBBFB289321EF00FA9A5F /* logIn */,
				E02E4874289A71D20003B4FD /* logOn */,
				E02E4875289A726C0003B4FD /* forgotpassword */,
			);
			path = authentication;
			sourceTree = "<group>";
		};
		E06FBBFB289321EF00FA9A5F /* logIn */ = {
			isa = PBXGroup;
			children = (
				E06FBBFC2893228A00FA9A5F /* LogInVC.swift */,
				E06FBBF72893210000FA9A5F /* storyboard */,
			);
			path = logIn;
			sourceTree = "<group>";
		};
		E07BAFD6289ED82A00EB737D /* ui */ = {
			isa = PBXGroup;
			children = (
				E07BAFD4289ED7EF00EB737D /* BorderedView.swift */,
				E07BAFD7289EDB6200EB737D /* AppButton.swift */,
				E093EF9F28A033B3009E4D11 /* Utilities.swift */,
				E093EFC328A3DAFB009E4D11 /* Constants.swift */,
				E0F1957E28C6A2A00044F663 /* Extensions.swift */,
			);
			path = ui;
			sourceTree = "<group>";
		};
		E08F36CA28BAA2EB00AD906C /* main */ = {
			isa = PBXGroup;
			children = (
				E024F7E3289A813800FCFED8 /* MainVC.swift */,
				E0F1957128BDA9420044F663 /* LaunchMainVC.swift */,
				E08F36CB28BAA32600AD906C /* storyboard */,
			);
			name = main;
			sourceTree = "<group>";
		};
		E08F36CB28BAA32600AD906C /* storyboard */ = {
			isa = PBXGroup;
			children = (
				E0F306322889423C0029E3B8 /* Main.storyboard */,
			);
			path = storyboard;
			sourceTree = "<group>";
		};
		E08F36CC28BAA39800AD906C /* tableViewCell */ = {
			isa = PBXGroup;
			children = (
				E063F21728898507004EA8A5 /* TableViewCell.swift */,
			);
			name = tableViewCell;
			sourceTree = "<group>";
		};
		E0F306202889423B0029E3B8 = {
			isa = PBXGroup;
			children = (
				E03EBFA3289BD129001650F8 /* GoogleService-Info.plist */,
				E0F3062B2889423C0029E3B8 /* healthFood */,
				E0F3062A2889423C0029E3B8 /* Products */,
				C4269F32637A09A242D5EAAE /* Pods */,
				021F9C5AB06D2899FCA259C4 /* Frameworks */,
				E079946928B83F6000995612 /* healthFood copy-Info.plist */,
			);
			sourceTree = "<group>";
		};
		E0F3062A2889423C0029E3B8 /* Products */ = {
			isa = PBXGroup;
			children = (
				E0F306292889423C0029E3B8 /* healthFoodHTU.app */,
			);
			name = Products;
			sourceTree = "<group>";
		};
		E0F3062B2889423C0029E3B8 /* healthFood */ = {
			isa = PBXGroup;
			children = (
				E0454C8928BCC1AE0094D1AE /* animations */,
				E08F36CA28BAA2EB00AD906C /* main */,
				E06FBBF82893215A00FA9A5F /* authentication */,
				E02E4882289A77210003B4FD /* tabbar */,
				E025C03428A98A69001B7D4B /* tabbar Items */,
				E0F3062C2889423C0029E3B8 /* AppDelegate.swift */,
				E07BAFD6289ED82A00EB737D /* ui */,
				E0F306352889423F0029E3B8 /* Assets.xcassets */,
				E0F306372889423F0029E3B8 /* LaunchScreen.storyboard */,
				E0F3063A2889423F0029E3B8 /* Info.plist */,
				E0F1959128C6A5670044F663 /* Localizable.strings */,
			);
			path = healthFood;
			sourceTree = "<group>";
		};
		E0F56A7628B50F0C000AEFCA /* SettingsTab */ = {
			isa = PBXGroup;
			children = (
				E0230CFF28A5C69E00789EB5 /* SettingsVC.swift */,
				E0F56A7928B50F98000AEFCA /* SettingsAccVC.swift */,
				E00D3B2128B89ABF001D4EF2 /* SettingsChangeNumVC.swift */,
				E025C03528A98C63001B7D4B /* storyboard */,
			);
			path = SettingsTab;
			sourceTree = "<group>";
		};
		E0F56A7728B50F10000AEFCA /* MenuTab */ = {
			isa = PBXGroup;
			children = (
				E063F21528895606004EA8A5 /* MenuVC.swift */,
				E00D3B1E28B898BB001D4EF2 /* storyboard */,
			);
			name = MenuTab;
			sourceTree = "<group>";
		};
		E0F56A7828B50F14000AEFCA /* OffersTab */ = {
			isa = PBXGroup;
			children = (
				E063F213288955D6004EA8A5 /* OffersVC.swift */,
				E00D3B1628B896FF001D4EF2 /* storyboard */,
			);
			path = OffersTab;
			sourceTree = "<group>";
		};
		E0F7E9E628B6586F00E989F5 /* CartTab */ = {
			isa = PBXGroup;
			children = (
				E0F7E9E728B658A800E989F5 /* CartVC.swift */,
			);
			name = CartTab;
			sourceTree = "<group>";
		};
/* End PBXGroup section */

/* Begin PBXNativeTarget section */
		E0F306282889423C0029E3B8 /* healthFoodHTU */ = {
			isa = PBXNativeTarget;
			buildConfigurationList = E0F3063D2889423F0029E3B8 /* Build configuration list for PBXNativeTarget "healthFoodHTU" */;
			buildPhases = (
				7A76300DFD3C1DDBF6AB1B9E /* [CP] Check Pods Manifest.lock */,
				E0F306252889423C0029E3B8 /* Sources */,
				E0F306262889423C0029E3B8 /* Frameworks */,
				E0F306272889423C0029E3B8 /* Resources */,
				904859FBF1D78732B686BFA1 /* [CP] Embed Pods Frameworks */,
			);
			buildRules = (
			);
			dependencies = (
			);
			name = healthFoodHTU;
			productName = healthFood;
			productReference = E0F306292889423C0029E3B8 /* healthFoodHTU.app */;
			productType = "com.apple.product-type.application";
		};
/* End PBXNativeTarget section */

/* Begin PBXProject section */
		E0F306212889423B0029E3B8 /* Project object */ = {
			isa = PBXProject;
			attributes = {
				BuildIndependentTargetsInParallel = 1;
				LastSwiftUpdateCheck = 1330;
				LastUpgradeCheck = 1330;
				TargetAttributes = {
					E0F306282889423C0029E3B8 = {
						CreatedOnToolsVersion = 13.3.1;
					};
				};
			};
			buildConfigurationList = E0F306242889423B0029E3B8 /* Build configuration list for PBXProject "healthFood" */;
			compatibilityVersion = "Xcode 13.0";
			developmentRegion = en;
			hasScannedForEncodings = 0;
			knownRegions = (
				en,
				Base,
				ar,
			);
			mainGroup = E0F306202889423B0029E3B8;
			productRefGroup = E0F3062A2889423C0029E3B8 /* Products */;
			projectDirPath = "";
			projectRoot = "";
			targets = (
				E0F306282889423C0029E3B8 /* healthFoodHTU */,
			);
		};
/* End PBXProject section */

/* Begin PBXResourcesBuildPhase section */
		E0F306272889423C0029E3B8 /* Resources */ = {
			isa = PBXResourcesBuildPhase;
			buildActionMask = 2147483647;
			files = (
				E0F1957028BD9C620044F663 /* food-vlogger.json in Resources */,
				E0F306392889423F0029E3B8 /* LaunchScreen.storyboard in Resources */,
				E03EBFA4289BD129001650F8 /* GoogleService-Info.plist in Resources */,
				E0FEDD9528C6A77100883B21 /* Localizable.strings in Resources */,
				E00D3B2028B89924001D4EF2 /* MenuSB.storyboard in Resources */,
				E0F306362889423F0029E3B8 /* Assets.xcassets in Resources */,
				E0F1957428BDAC610044F663 /* coconut.json in Resources */,
				E00D3B1A28B897D8001D4EF2 /* OffersSB.storyboard in Resources */,
				E02E487C289A744B0003B4FD /* LoginSB.storyboard in Resources */,
				E0F1958028C6A3150044F663 /* SettingsSB.storyboard in Resources */,
				E0F306342889423C0029E3B8 /* Main.storyboard in Resources */,
				E02E487A289A74300003B4FD /* LogonSB.storyboard in Resources */,
				E02E4887289A777B0003B4FD /* TabBarSB.storyboard in Resources */,
				E02E4881289A762B0003B4FD /* ForgotPasswordSB.storyboard in Resources */,
			);
			runOnlyForDeploymentPostprocessing = 0;
		};
/* End PBXResourcesBuildPhase section */

/* Begin PBXShellScriptBuildPhase section */
		7A76300DFD3C1DDBF6AB1B9E /* [CP] Check Pods Manifest.lock */ = {
			isa = PBXShellScriptBuildPhase;
			buildActionMask = 2147483647;
			files = (
			);
			inputFileListPaths = (
			);
			inputPaths = (
				"${PODS_PODFILE_DIR_PATH}/Podfile.lock",
				"${PODS_ROOT}/Manifest.lock",
			);
			name = "[CP] Check Pods Manifest.lock";
			outputFileListPaths = (
			);
			outputPaths = (
				"$(DERIVED_FILE_DIR)/Pods-healthFood-checkManifestLockResult.txt",
			);
			runOnlyForDeploymentPostprocessing = 0;
			shellPath = /bin/sh;
			shellScript = "diff \"${PODS_PODFILE_DIR_PATH}/Podfile.lock\" \"${PODS_ROOT}/Manifest.lock\" > /dev/null\nif [ $? != 0 ] ; then\n    # print error to STDERR\n    echo \"error: The sandbox is not in sync with the Podfile.lock. Run 'pod install' or update your CocoaPods installation.\" >&2\n    exit 1\nfi\n# This output is used by Xcode 'outputs' to avoid re-running this script phase.\necho \"SUCCESS\" > \"${SCRIPT_OUTPUT_FILE_0}\"\n";
			showEnvVarsInLog = 0;
		};
		904859FBF1D78732B686BFA1 /* [CP] Embed Pods Frameworks */ = {
			isa = PBXShellScriptBuildPhase;
			buildActionMask = 2147483647;
			files = (
			);
			inputFileListPaths = (
				"${PODS_ROOT}/Target Support Files/Pods-healthFood/Pods-healthFood-frameworks-${CONFIGURATION}-input-files.xcfilelist",
			);
			name = "[CP] Embed Pods Frameworks";
			outputFileListPaths = (
				"${PODS_ROOT}/Target Support Files/Pods-healthFood/Pods-healthFood-frameworks-${CONFIGURATION}-output-files.xcfilelist",
			);
			runOnlyForDeploymentPostprocessing = 0;
			shellPath = /bin/sh;
			shellScript = "\"${PODS_ROOT}/Target Support Files/Pods-healthFood/Pods-healthFood-frameworks.sh\"\n";
			showEnvVarsInLog = 0;
		};
/* End PBXShellScriptBuildPhase section */

/* Begin PBXSourcesBuildPhase section */
		E0F306252889423C0029E3B8 /* Sources */ = {
			isa = PBXSourcesBuildPhase;
			buildActionMask = 2147483647;
			files = (
				E00D3B2228B89ABF001D4EF2 /* SettingsChangeNumVC.swift in Sources */,
				E0F56A7A28B50F98000AEFCA /* SettingsAccVC.swift in Sources */,
				E02E4877289A73DB0003B4FD /* LogOnVC.swift in Sources */,
				E0F1957228BDA9420044F663 /* LaunchMainVC.swift in Sources */,
				E063F21628895606004EA8A5 /* MenuVC.swift in Sources */,
				E093EFA028A033B3009E4D11 /* Utilities.swift in Sources */,
				E06FBBFD2893228A00FA9A5F /* LogInVC.swift in Sources */,
				E0F1957F28C6A2A00044F663 /* Extensions.swift in Sources */,
				E02E487F289A75A50003B4FD /* ForgotPasswordVC.swift in Sources */,
				E093EFC428A3DAFB009E4D11 /* Constants.swift in Sources */,
				E024F7E4289A813800FCFED8 /* MainVC.swift in Sources */,
				E0F3062D2889423C0029E3B8 /* AppDelegate.swift in Sources */,
				E07BAFD5289ED7EF00EB737D /* BorderedView.swift in Sources */,
				E0230D0028A5C69E00789EB5 /* SettingsVC.swift in Sources */,
				E063F21828898507004EA8A5 /* TableViewCell.swift in Sources */,
				E07BAFD8289EDB6200EB737D /* AppButton.swift in Sources */,
				E0F7E9E828B658A800E989F5 /* CartVC.swift in Sources */,
				E02E4885289A77560003B4FD /* TabBarVC.swift in Sources */,
				E063F214288955D6004EA8A5 /* OffersVC.swift in Sources */,
			);
			runOnlyForDeploymentPostprocessing = 0;
		};
/* End PBXSourcesBuildPhase section */

/* Begin PBXVariantGroup section */
		E0F1958228C6A3150044F663 /* SettingsSB.storyboard */ = {
			isa = PBXVariantGroup;
			children = (
				E0F1958128C6A3150044F663 /* Base */,
				E0F1958428C6A3190044F663 /* en */,
				E0F1958628C6A34D0044F663 /* ar */,
			);
			name = SettingsSB.storyboard;
			sourceTree = "<group>";
		};
		E0F1959128C6A5670044F663 /* Localizable.strings */ = {
			isa = PBXVariantGroup;
			children = (
				E0F1959028C6A5670044F663 /* en */,
				E0F1959228C6A5690044F663 /* ar */,
			);
			name = Localizable.strings;
			sourceTree = "<group>";
		};
		E0F306322889423C0029E3B8 /* Main.storyboard */ = {
			isa = PBXVariantGroup;
			children = (
				E0F306332889423C0029E3B8 /* Base */,
				E0F1957C28C6A2600044F663 /* ar */,
			);
			name = Main.storyboard;
			sourceTree = "<group>";
		};
		E0F306372889423F0029E3B8 /* LaunchScreen.storyboard */ = {
			isa = PBXVariantGroup;
			children = (
				E0F306382889423F0029E3B8 /* Base */,
				E0F1957D28C6A2600044F663 /* ar */,
			);
			name = LaunchScreen.storyboard;
			sourceTree = "<group>";
		};
/* End PBXVariantGroup section */

/* Begin XCBuildConfiguration section */
		E0F3063B2889423F0029E3B8 /* Debug */ = {
			isa = XCBuildConfiguration;
			buildSettings = {
				ALWAYS_SEARCH_USER_PATHS = NO;
				CLANG_ANALYZER_LOCALIZABILITY_NONLOCALIZED = YES;
				CLANG_ANALYZER_NONNULL = YES;
				CLANG_ANALYZER_NUMBER_OBJECT_CONVERSION = YES_AGGRESSIVE;
				CLANG_CXX_LANGUAGE_STANDARD = "gnu++17";
				CLANG_ENABLE_MODULES = YES;
				CLANG_ENABLE_OBJC_ARC = YES;
				CLANG_ENABLE_OBJC_WEAK = YES;
				CLANG_WARN_BLOCK_CAPTURE_AUTORELEASING = YES;
				CLANG_WARN_BOOL_CONVERSION = YES;
				CLANG_WARN_COMMA = YES;
				CLANG_WARN_CONSTANT_CONVERSION = YES;
				CLANG_WARN_DEPRECATED_OBJC_IMPLEMENTATIONS = YES;
				CLANG_WARN_DIRECT_OBJC_ISA_USAGE = YES_ERROR;
				CLANG_WARN_DOCUMENTATION_COMMENTS = YES;
				CLANG_WARN_EMPTY_BODY = YES;
				CLANG_WARN_ENUM_CONVERSION = YES;
				CLANG_WARN_INFINITE_RECURSION = YES;
				CLANG_WARN_INT_CONVERSION = YES;
				CLANG_WARN_NON_LITERAL_NULL_CONVERSION = YES;
				CLANG_WARN_OBJC_IMPLICIT_RETAIN_SELF = YES;
				CLANG_WARN_OBJC_LITERAL_CONVERSION = YES;
				CLANG_WARN_OBJC_ROOT_CLASS = YES_ERROR;
				CLANG_WARN_QUOTED_INCLUDE_IN_FRAMEWORK_HEADER = YES;
				CLANG_WARN_RANGE_LOOP_ANALYSIS = YES;
				CLANG_WARN_STRICT_PROTOTYPES = YES;
				CLANG_WARN_SUSPICIOUS_MOVE = YES;
				CLANG_WARN_UNGUARDED_AVAILABILITY = YES_AGGRESSIVE;
				CLANG_WARN_UNREACHABLE_CODE = YES;
				CLANG_WARN__DUPLICATE_METHOD_MATCH = YES;
				CODE_SIGN_IDENTITY = "iPhone Developer";
				CODE_SIGN_STYLE = Manual;
				COPY_PHASE_STRIP = NO;
				DEBUG_INFORMATION_FORMAT = dwarf;
				ENABLE_STRICT_OBJC_MSGSEND = YES;
				ENABLE_TESTABILITY = YES;
				GCC_C_LANGUAGE_STANDARD = gnu11;
				GCC_DYNAMIC_NO_PIC = NO;
				GCC_NO_COMMON_BLOCKS = YES;
				GCC_OPTIMIZATION_LEVEL = 0;
				GCC_PREPROCESSOR_DEFINITIONS = (
					"DEBUG=1",
					"$(inherited)",
				);
				GCC_WARN_64_TO_32_BIT_CONVERSION = YES;
				GCC_WARN_ABOUT_RETURN_TYPE = YES_ERROR;
				GCC_WARN_UNDECLARED_SELECTOR = YES;
				GCC_WARN_UNINITIALIZED_AUTOS = YES_AGGRESSIVE;
				GCC_WARN_UNUSED_FUNCTION = YES;
				GCC_WARN_UNUSED_VARIABLE = YES;
				IPHONEOS_DEPLOYMENT_TARGET = 15.0;
				MTL_ENABLE_DEBUG_INFO = INCLUDE_SOURCE;
				MTL_FAST_MATH = YES;
				ONLY_ACTIVE_ARCH = YES;
				SDKROOT = iphoneos;
				SWIFT_ACTIVE_COMPILATION_CONDITIONS = DEBUG;
				SWIFT_OPTIMIZATION_LEVEL = "-Onone";
			};
			name = Debug;
		};
		E0F3063C2889423F0029E3B8 /* Release */ = {
			isa = XCBuildConfiguration;
			buildSettings = {
				ALWAYS_SEARCH_USER_PATHS = NO;
				CLANG_ANALYZER_LOCALIZABILITY_NONLOCALIZED = YES;
				CLANG_ANALYZER_NONNULL = YES;
				CLANG_ANALYZER_NUMBER_OBJECT_CONVERSION = YES_AGGRESSIVE;
				CLANG_CXX_LANGUAGE_STANDARD = "gnu++17";
				CLANG_ENABLE_MODULES = YES;
				CLANG_ENABLE_OBJC_ARC = YES;
				CLANG_ENABLE_OBJC_WEAK = YES;
				CLANG_WARN_BLOCK_CAPTURE_AUTORELEASING = YES;
				CLANG_WARN_BOOL_CONVERSION = YES;
				CLANG_WARN_COMMA = YES;
				CLANG_WARN_CONSTANT_CONVERSION = YES;
				CLANG_WARN_DEPRECATED_OBJC_IMPLEMENTATIONS = YES;
				CLANG_WARN_DIRECT_OBJC_ISA_USAGE = YES_ERROR;
				CLANG_WARN_DOCUMENTATION_COMMENTS = YES;
				CLANG_WARN_EMPTY_BODY = YES;
				CLANG_WARN_ENUM_CONVERSION = YES;
				CLANG_WARN_INFINITE_RECURSION = YES;
				CLANG_WARN_INT_CONVERSION = YES;
				CLANG_WARN_NON_LITERAL_NULL_CONVERSION = YES;
				CLANG_WARN_OBJC_IMPLICIT_RETAIN_SELF = YES;
				CLANG_WARN_OBJC_LITERAL_CONVERSION = YES;
				CLANG_WARN_OBJC_ROOT_CLASS = YES_ERROR;
				CLANG_WARN_QUOTED_INCLUDE_IN_FRAMEWORK_HEADER = YES;
				CLANG_WARN_RANGE_LOOP_ANALYSIS = YES;
				CLANG_WARN_STRICT_PROTOTYPES = YES;
				CLANG_WARN_SUSPICIOUS_MOVE = YES;
				CLANG_WARN_UNGUARDED_AVAILABILITY = YES_AGGRESSIVE;
				CLANG_WARN_UNREACHABLE_CODE = YES;
				CLANG_WARN__DUPLICATE_METHOD_MATCH = YES;
				CODE_SIGN_IDENTITY = "iPhone Developer";
				CODE_SIGN_STYLE = Manual;
				COPY_PHASE_STRIP = NO;
				DEBUG_INFORMATION_FORMAT = "dwarf-with-dsym";
				ENABLE_NS_ASSERTIONS = NO;
				ENABLE_STRICT_OBJC_MSGSEND = YES;
				GCC_C_LANGUAGE_STANDARD = gnu11;
				GCC_NO_COMMON_BLOCKS = YES;
				GCC_WARN_64_TO_32_BIT_CONVERSION = YES;
				GCC_WARN_ABOUT_RETURN_TYPE = YES_ERROR;
				GCC_WARN_UNDECLARED_SELECTOR = YES;
				GCC_WARN_UNINITIALIZED_AUTOS = YES_AGGRESSIVE;
				GCC_WARN_UNUSED_FUNCTION = YES;
				GCC_WARN_UNUSED_VARIABLE = YES;
				IPHONEOS_DEPLOYMENT_TARGET = 15.0;
				MTL_ENABLE_DEBUG_INFO = NO;
				MTL_FAST_MATH = YES;
				SDKROOT = iphoneos;
				SWIFT_COMPILATION_MODE = wholemodule;
				SWIFT_OPTIMIZATION_LEVEL = "-O";
				VALIDATE_PRODUCT = YES;
			};
			name = Release;
		};
		E0F3063E2889423F0029E3B8 /* Debug */ = {
			isa = XCBuildConfiguration;
			baseConfigurationReference = A3C5E80270A23D577B6D6DEE /* Pods-healthFood.debug.xcconfig */;
			buildSettings = {
				ALLOW_TARGET_PLATFORM_SPECIALIZATION = NO;
				ASSETCATALOG_COMPILER_APPICON_NAME = AppIcon;
				ASSETCATALOG_COMPILER_GLOBAL_ACCENT_COLOR_NAME = AccentColor;
				CODE_SIGN_IDENTITY = "Apple Development";
				CODE_SIGN_INJECT_BASE_ENTITLEMENTS = YES;
				CODE_SIGN_STYLE = Automatic;
				CURRENT_PROJECT_VERSION = 1;
				DEVELOPMENT_TEAM = WA8D9K4WV8;
				ENABLE_APP_SANDBOX = NO;
				GENERATE_INFOPLIST_FILE = YES;
				INFOPLIST_FILE = healthFood/Info.plist;
				INFOPLIST_KEY_UIApplicationSupportsIndirectInputEvents = YES;
				INFOPLIST_KEY_UILaunchStoryboardName = LaunchScreen;
				INFOPLIST_KEY_UIMainStoryboardFile = Main;
				INFOPLIST_KEY_UISupportedInterfaceOrientations = UIInterfaceOrientationPortrait;
				INFOPLIST_KEY_UISupportedInterfaceOrientations_iPad = "UIInterfaceOrientationPortrait UIInterfaceOrientationPortraitUpsideDown UIInterfaceOrientationLandscapeLeft UIInterfaceOrientationLandscapeRight";
				INFOPLIST_KEY_UISupportedInterfaceOrientations_iPhone = "UIInterfaceOrientationPortrait UIInterfaceOrientationLandscapeLeft UIInterfaceOrientationLandscapeRight";
				IPHONEOS_DEPLOYMENT_TARGET = 15.0;
				LD_RUNPATH_SEARCH_PATHS = (
					"$(inherited)",
					"@executable_path/Frameworks",
				);
				MARKETING_VERSION = 1.0;
				PRODUCT_BUNDLE_IDENTIFIER = com.healthyKhaledFood;
				PRODUCT_NAME = "$(TARGET_NAME)";
				PROVISIONING_PROFILE_SPECIFIER = "";
				SWIFT_EMIT_LOC_STRINGS = YES;
				SWIFT_VERSION = 5.0;
				TARGETED_DEVICE_FAMILY = "1,2";
			};
			name = Debug;
		};
		E0F3063F2889423F0029E3B8 /* Release */ = {
			isa = XCBuildConfiguration;
			baseConfigurationReference = CC2C6D29D1BA72F5FFCE7BF5 /* Pods-healthFood.release.xcconfig */;
			buildSettings = {
				ALLOW_TARGET_PLATFORM_SPECIALIZATION = NO;
				ASSETCATALOG_COMPILER_APPICON_NAME = AppIcon;
				ASSETCATALOG_COMPILER_GLOBAL_ACCENT_COLOR_NAME = AccentColor;
				CODE_SIGN_IDENTITY = "Apple Development";
				CODE_SIGN_INJECT_BASE_ENTITLEMENTS = YES;
				CODE_SIGN_STYLE = Automatic;
				CURRENT_PROJECT_VERSION = 1;
				DEVELOPMENT_TEAM = WA8D9K4WV8;
				ENABLE_APP_SANDBOX = NO;
				GENERATE_INFOPLIST_FILE = YES;
				INFOPLIST_FILE = healthFood/Info.plist;
				INFOPLIST_KEY_UIApplicationSupportsIndirectInputEvents = YES;
				INFOPLIST_KEY_UILaunchStoryboardName = LaunchScreen;
				INFOPLIST_KEY_UIMainStoryboardFile = Main;
				INFOPLIST_KEY_UISupportedInterfaceOrientations = UIInterfaceOrientationPortrait;
				INFOPLIST_KEY_UISupportedInterfaceOrientations_iPad = "UIInterfaceOrientationPortrait UIInterfaceOrientationPortraitUpsideDown UIInterfaceOrientationLandscapeLeft UIInterfaceOrientationLandscapeRight";
				INFOPLIST_KEY_UISupportedInterfaceOrientations_iPhone = "UIInterfaceOrientationPortrait UIInterfaceOrientationLandscapeLeft UIInterfaceOrientationLandscapeRight";
				IPHONEOS_DEPLOYMENT_TARGET = 15.0;
				LD_RUNPATH_SEARCH_PATHS = (
					"$(inherited)",
					"@executable_path/Frameworks",
				);
				MARKETING_VERSION = 1.0;
				PRODUCT_BUNDLE_IDENTIFIER = com.healthFoodHTU;
				PRODUCT_NAME = "$(TARGET_NAME)";
				PROVISIONING_PROFILE_SPECIFIER = "";
				SWIFT_EMIT_LOC_STRINGS = YES;
				SWIFT_VERSION = 5.0;
				TARGETED_DEVICE_FAMILY = "1,2";
			};
			name = Release;
		};
/* End XCBuildConfiguration section */

/* Begin XCConfigurationList section */
		E0F306242889423B0029E3B8 /* Build configuration list for PBXProject "healthFood" */ = {
			isa = XCConfigurationList;
			buildConfigurations = (
				E0F3063B2889423F0029E3B8 /* Debug */,
				E0F3063C2889423F0029E3B8 /* Release */,
			);
			defaultConfigurationIsVisible = 0;
			defaultConfigurationName = Release;
		};
		E0F3063D2889423F0029E3B8 /* Build configuration list for PBXNativeTarget "healthFoodHTU" */ = {
			isa = XCConfigurationList;
			buildConfigurations = (
				E0F3063E2889423F0029E3B8 /* Debug */,
				E0F3063F2889423F0029E3B8 /* Release */,
			);
			defaultConfigurationIsVisible = 0;
			defaultConfigurationName = Release;
		};
/* End XCConfigurationList section */
	};
	rootObject = E0F306212889423B0029E3B8 /* Project object */;
}
